
Microsoft Visual Studio Solution File, Format Version 12.00
# Visual Studio Version 17
VisualStudioVersion = 17.4.33213.308
MinimumVisualStudioVersion = 10.0.40219.1
Project("{FAE04EC0-301F-11D3-BF4B-00C04F79EFBC}") = "Program", "Program.csproj", "{5080D384-B3AA-4212-8B9F-C57C4B72AAD3}"
EndProject
Global
	GlobalSection(SolutionConfigurationPlatforms) = preSolution
		Debug|Any CPU = Debug|Any CPU
		Release|Any CPU = Release|Any CPU
	EndGlobalSection
	GlobalSection(ProjectConfigurationPlatforms) = postSolution
		{5080D384-B3AA-4212-8B9F-C57C4B72AAD3}.Debug|Any CPU.ActiveCfg = Debug|Any CPU
		{5080D384-B3AA-4212-8B9F-C57C4B72AAD3}.Debug|Any CPU.Build.0 = Debug|Any CPU
		{5080D384-B3AA-4212-8B9F-C57C4B72AAD3}.Release|Any CPU.ActiveCfg = Release|Any CPU
		{5080D384-B3AA-4212-8B9F-C57C4B72AAD3}.Release|Any CPU.Build.0 = Release|Any CPU
	EndGlobalSection
	GlobalSection(SolutionProperties) = preSolution
		HideSolutionNode = FALSE
	EndGlobalSection
	GlobalSection(ExtensibilityGlobals) = postSolution
		SolutionGuid = {5FC4DD6D-D86E-414A-8658-5A078F1CC007}
	EndGlobalSection
EndGlobal
